
Microsoft Visual Studio Solution File, Format Version 12.00
# Visual Studio 14
VisualStudioVersion = 14.0.23107.0
MinimumVisualStudioVersion = 10.0.40219.1
Project("{FAE04EC0-301F-11D3-BF4B-00C04F79EFBC}") = "PROYECTO-CASO3", "PROYECTO-CASO3\PROYECTO-CASO3.csproj", "{9327F960-0BD8-4794-B39B-B08E1E54D24F}"
EndProject
Project("{54435603-DBB4-11D2-8724-00A0C9A8B90C}") = "instalador", "instalador\instalador.vdproj", "{C179DCF2-901A-4DB3-85FE-60D43397F414}"
EndProject
Global
	GlobalSection(SolutionConfigurationPlatforms) = preSolution
		Debug|Any CPU = Debug|Any CPU
		Release|Any CPU = Release|Any CPU
	EndGlobalSection
	GlobalSection(ProjectConfigurationPlatforms) = postSolution
		{9327F960-0BD8-4794-B39B-B08E1E54D24F}.Debug|Any CPU.ActiveCfg = Debug|Any CPU
		{9327F960-0BD8-4794-B39B-B08E1E54D24F}.Debug|Any CPU.Build.0 = Debug|Any CPU
		{9327F960-0BD8-4794-B39B-B08E1E54D24F}.Release|Any CPU.ActiveCfg = Release|Any CPU
		{9327F960-0BD8-4794-B39B-B08E1E54D24F}.Release|Any CPU.Build.0 = Release|Any CPU
		{C179DCF2-901A-4DB3-85FE-60D43397F414}.Debug|Any CPU.ActiveCfg = Debug
		{C179DCF2-901A-4DB3-85FE-60D43397F414}.Release|Any CPU.ActiveCfg = Release
	EndGlobalSection
	GlobalSection(SolutionProperties) = preSolution
		HideSolutionNode = FALSE
	EndGlobalSection
EndGlobal
